{
  "name": "enkore.js-runtime",
  "version": "0.0.13",
  "lockfileVersion": 3,
  "requires": true,
  "packages": {
    "": {
      "name": "enkore.js-runtime",
      "version": "0.0.13",
      "license": "MIT",
      "devDependencies": {
        "@anio-software/enkore": "^0.0.180",
        "@anio-software/enkore-private.spec": "^0.372.2",
        "@anio-software/enkore.core": "^0.12.0"
      }
    },
    "node_modules/@anio-software/enkore": {
      "version": "0.0.180",
      "resolved": "https://npm-registry.anio.software/@anio-software/enkore/-/enkore-0.0.180.tgz",
      "integrity": "sha512-oZIUP2zSqJ0vmLBcwCLBPH0s3ZxJfRW/iTCNBB1owewlYZal2l8fWXVV5BFhPPd9E7O45r/hvq+vHIDRPh6+PA==",
      "dev": true,
      "license": "MIT",
      "bin": {
        "enkore": "bin/enkore.mjs"
      },
      "engines": {
        "node": ">=23.6.x"
      }
    },
    "node_modules/@anio-software/enkore-private.spec": {
      "version": "0.372.2",
      "resolved": "https://npm-registry.anio.software/@anio-software/enkore-private.spec/-/enkore-private.spec-0.372.2.tgz",
      "integrity": "sha512-Xrv/EXKTzN5WKjLZMZEHSD1N9tqRcJ1OYKQT9Q22L7FfMCMe0okcDbBMl8jXMMTzLLu63c4qbnXxG1cF5ag7bQ==",
      "dev": true,
      "license": "MIT",
      "engines": {
        "node": ">=23.6.x"
      }
    },
    "node_modules/@anio-software/enkore.core": {
      "version": "0.12.0",
      "resolved": "https://npm-registry.anio.software/@anio-software/enkore.core/-/enkore.core-0.12.0.tgz",
      "integrity": "sha512-z5G494ZKUJYN6Xtanml7hU1h5B4/WZF1Hr7dVMVAvKPktfnPx+u6eK8UXDJ5ZPqFkL3rurbfppRWYudmI9EADA==",
      "dev": true,
      "license": "MIT",
      "engines": {
        "node": ">=23.6.x"
      }
    }
  }
}
